{
  "nodes": {
    "beautysh": {
      "inputs": {
        "flake-utils": "flake-utils",
        "nixpkgs": "nixpkgs",
        "poetry2nix": "poetry2nix"
      },
      "locked": {
        "lastModified": 1641830469,
        "narHash": "sha256-uhDmgNP/biOWe4FtOa6c2xZnREH+NP9rdrMm0LccRUk=",
        "owner": "lovesegfault",
        "repo": "beautysh",
        "rev": "e85d9736927c0fcf2abb05cb3a2d8d9b4502a2eb",
        "type": "github"
      },
      "original": {
        "owner": "lovesegfault",
        "repo": "beautysh",
        "type": "github"
      }
    },
    "bud": {
      "inputs": {
        "beautysh": "beautysh",
        "devshell": [
          "devshell"
        ],
        "nixpkgs": [
          "nixpkgs"
        ]
      },
      "locked": {
        "lastModified": 1641949360,
        "narHash": "sha256-IXP0HVoBTL6cmWbyIX8SLShJL6+3yQE7paCIOYM8eBI=",
        "owner": "GTrunSec",
        "repo": "bud",
        "rev": "fa3d6592caacdc46c9e22e1428207824263b5769",
        "type": "github"
      },
      "original": {
        "owner": "GTrunSec",
        "ref": "custom",
        "repo": "bud",
        "type": "github"
      }
    },
    "check_journal": {
      "inputs": {
        "flake-compat": "flake-compat",
        "flake-utils": "flake-utils_3",
        "nixpkgs": "nixpkgs_3"
      },
      "locked": {
        "lastModified": 1635712651,
        "narHash": "sha256-rasukn+wdP4y6a6GL+xKYLx1Q+noeCPTrgqLZ0eAsIA=",
        "owner": "GTrunSec",
        "repo": "check_journal",
        "rev": "ab30b02d69c29c72ac2dbf952ff5e6d2e8d47fd3",
        "type": "github"
      },
      "original": {
        "owner": "GTrunSec",
        "ref": "flake",
        "repo": "check_journal",
        "type": "github"
      }
    },
    "devshell": {
      "locked": {
        "lastModified": 1640301433,
        "narHash": "sha256-eplae8ZNiEmxbOgwUn9IihaJfEUxoUilkwciRPGskYE=",
        "owner": "numtide",
        "repo": "devshell",
        "rev": "f87fb932740abe1c1b46f6edd8a36ade17881666",
        "type": "github"
      },
      "original": {
        "id": "devshell",
        "type": "indirect"
      }
    },
    "fenix": {
      "inputs": {
        "nixpkgs": "nixpkgs_10",
        "rust-analyzer-src": "rust-analyzer-src"
      },
      "locked": {
        "lastModified": 1638080655,
        "narHash": "sha256-ZPx8e8CukEBx31IcgivAWnN9Jg0r+LTBPHV7fREf+QI=",
        "owner": "nix-community",
        "repo": "fenix",
        "rev": "78a0c55b6f9d8bb6f3b89eb995fa5bbdd73e9475",
        "type": "github"
      },
      "original": {
        "owner": "nix-community",
        "repo": "fenix",
        "type": "github"
      }
    },
    "flake-compat": {
      "flake": false,
      "locked": {
        "lastModified": 1606424373,
        "narHash": "sha256-oq8d4//CJOrVj+EcOaSXvMebvuTkmBJuT5tzlfewUnQ=",
        "owner": "edolstra",
        "repo": "flake-compat",
        "rev": "99f1c2157fba4bfe6211a321fd0ee43199025dbf",
        "type": "github"
      },
      "original": {
        "owner": "edolstra",
        "repo": "flake-compat",
        "type": "github"
      }
    },
    "flake-compat_2": {
      "flake": false,
      "locked": {
        "lastModified": 1641205782,
        "narHash": "sha256-4jY7RCWUoZ9cKD8co0/4tFARpWB+57+r1bLLvXNJliY=",
        "owner": "edolstra",
        "repo": "flake-compat",
        "rev": "b7547d3eed6f32d06102ead8991ec52ab0a4f1a7",
        "type": "github"
      },
      "original": {
        "id": "flake-compat",
        "type": "indirect"
      }
    },
    "flake-compat_3": {
      "flake": false,
      "locked": {
        "lastModified": 1627913399,
        "narHash": "sha256-hY8g6H2KFL8ownSiFeMOjwPC8P0ueXpCVEbxgda3pko=",
        "owner": "edolstra",
        "repo": "flake-compat",
        "rev": "12c64ca55c1014cdc1b16ed5a804aa8576601ff2",
        "type": "github"
      },
      "original": {
        "owner": "edolstra",
        "repo": "flake-compat",
        "type": "github"
      }
    },
    "flake-compat_4": {
      "flake": false,
      "locked": {
        "lastModified": 1627913399,
        "narHash": "sha256-hY8g6H2KFL8ownSiFeMOjwPC8P0ueXpCVEbxgda3pko=",
        "owner": "edolstra",
        "repo": "flake-compat",
        "rev": "12c64ca55c1014cdc1b16ed5a804aa8576601ff2",
        "type": "github"
      },
      "original": {
        "owner": "edolstra",
        "repo": "flake-compat",
        "type": "github"
      }
    },
    "flake-utils": {
      "locked": {
        "lastModified": 1631561581,
        "narHash": "sha256-3VQMV5zvxaVLvqqUrNz3iJelLw30mIVSfZmAaauM3dA=",
        "owner": "numtide",
        "repo": "flake-utils",
        "rev": "7e5bf3925f6fbdfaf50a2a7ca0be2879c4261d19",
        "type": "github"
      },
      "original": {
        "owner": "numtide",
        "repo": "flake-utils",
        "type": "github"
      }
    },
    "flake-utils_2": {
      "locked": {
        "lastModified": 1638122382,
        "narHash": "sha256-sQzZzAbvKEqN9s0bzWuYmRaA03v40gaJ4+iL1LXjaeI=",
        "owner": "numtide",
        "repo": "flake-utils",
        "rev": "74f7e4319258e287b0f9cb95426c9853b282730b",
        "type": "github"
      },
      "original": {
        "owner": "numtide",
        "repo": "flake-utils",
        "type": "github"
      }
    },
    "flake-utils_3": {
      "locked": {
        "lastModified": 1614513358,
        "narHash": "sha256-LakhOx3S1dRjnh0b5Dg3mbZyH0ToC9I8Y2wKSkBaTzU=",
        "owner": "numtide",
        "repo": "flake-utils",
        "rev": "5466c5bbece17adaab2d82fae80b46e807611bf3",
        "type": "github"
      },
      "original": {
        "owner": "numtide",
        "repo": "flake-utils",
        "type": "github"
      }
    },
    "flake-utils_4": {
      "locked": {
        "lastModified": 1601282935,
        "narHash": "sha256-WQAFV6sGGQxrRs3a+/Yj9xUYvhTpukQJIcMbIi7LCJ4=",
        "owner": "numtide",
        "repo": "flake-utils",
        "rev": "588973065fce51f4763287f0fda87a174d78bf48",
        "type": "github"
      },
      "original": {
        "owner": "numtide",
        "repo": "flake-utils",
        "type": "github"
      }
    },
    "flake-utils_5": {
      "locked": {
        "lastModified": 1638122382,
        "narHash": "sha256-sQzZzAbvKEqN9s0bzWuYmRaA03v40gaJ4+iL1LXjaeI=",
        "owner": "numtide",
        "repo": "flake-utils",
        "rev": "74f7e4319258e287b0f9cb95426c9853b282730b",
        "type": "github"
      },
      "original": {
        "owner": "numtide",
        "repo": "flake-utils",
        "type": "github"
      }
    },
    "flake-utils_6": {
      "locked": {
        "lastModified": 1638122382,
        "narHash": "sha256-sQzZzAbvKEqN9s0bzWuYmRaA03v40gaJ4+iL1LXjaeI=",
        "owner": "numtide",
        "repo": "flake-utils",
        "rev": "74f7e4319258e287b0f9cb95426c9853b282730b",
        "type": "github"
      },
      "original": {
        "owner": "numtide",
        "repo": "flake-utils",
        "type": "github"
      }
    },
    "flake-utils_7": {
      "locked": {
        "lastModified": 1638122382,
        "narHash": "sha256-sQzZzAbvKEqN9s0bzWuYmRaA03v40gaJ4+iL1LXjaeI=",
        "owner": "numtide",
        "repo": "flake-utils",
        "rev": "74f7e4319258e287b0f9cb95426c9853b282730b",
        "type": "github"
      },
      "original": {
        "owner": "numtide",
        "repo": "flake-utils",
        "type": "github"
      }
    },
    "gitignore": {
      "inputs": {
        "nixpkgs": "nixpkgs_11"
      },
      "locked": {
        "lastModified": 1635165013,
        "narHash": "sha256-o/BdVjNwcB6jOmzZjOH703BesSkkS5O7ej3xhyO8hAY=",
        "owner": "hercules-ci",
        "repo": "gitignore.nix",
        "rev": "5b9e0ff9d3b551234b4f3eb3983744fa354b17f1",
        "type": "github"
      },
      "original": {
        "owner": "hercules-ci",
        "repo": "gitignore.nix",
        "type": "github"
      }
    },
    "gomod2nix": {
      "inputs": {
        "nixpkgs": "nixpkgs_4",
        "utils": "utils"
      },
      "locked": {
        "lastModified": 1639197850,
        "narHash": "sha256-Qknxy+YjVA39v/LwiUNsAcMAg9Df8aYAuqkH+EiAHRA=",
        "owner": "tweag",
        "repo": "gomod2nix",
        "rev": "596d01fd55ed8521853807df1f4e9d858cf75d7e",
        "type": "github"
      },
      "original": {
        "id": "gomod2nix",
        "type": "indirect"
      }
    },
    "latest": {
      "locked": {
        "lastModified": 1641252179,
        "narHash": "sha256-mASUAFRbfD/wLgNW7vDoG5WjM3G/7LGRzFse0B39PM4=",
        "owner": "NixOS",
        "repo": "nixpkgs",
        "rev": "988f3adf009672bb2a5b749123ff3e8846a5f3a8",
        "type": "github"
      },
      "original": {
        "id": "latest",
        "type": "indirect"
      }
    },
    "mach-nix": {
      "inputs": {
        "flake-utils": "flake-utils_4",
        "nixpkgs": "nixpkgs_5",
        "pypi-deps-db": [
          "pypi-deps-db"
        ]
      },
      "locked": {
        "lastModified": 1637687243,
        "narHash": "sha256-Qm0hPR9ZT1EP7lRW4udAPeb4yv6D2ONcw9ayterTP18=",
        "owner": "DavHau",
        "repo": "mach-nix",
        "rev": "31b21203a1350bff7c541e9dfdd4e07f76d874be",
        "type": "github"
      },
      "original": {
        "id": "mach-nix",
        "type": "indirect"
      }
    },
    "microvm": {
      "inputs": {
        "flake-utils": "flake-utils_5",
        "nixpkgs": "nixpkgs_6"
      },
      "locked": {
        "lastModified": 1639797560,
        "narHash": "sha256-DBPO/j9C2w+7lQ4cX/gNsZSiwnT0j36xrlszNVafDOg=",
        "owner": "astro",
        "repo": "microvm.nix",
        "rev": "b8df4fa1c8f7a69cb17af176121391f7d43fded0",
        "type": "github"
      },
      "original": {
        "id": "microvm",
        "type": "indirect"
      }
    },
    "nix-script": {
      "inputs": {
        "flake-compat": "flake-compat_3",
        "nixpkgs": "nixpkgs_7",
        "utils": "utils_2"
      },
      "locked": {
        "lastModified": 1640311042,
        "narHash": "sha256-TLbWoibN8Qd8NaZDi9Nlb34aRL3Wf0hHmuNoqw4COsE=",
        "owner": "BrianHicks",
        "repo": "nix-script",
        "rev": "c44ed13876548aec481756c6159e49f1f6017f51",
        "type": "github"
      },
      "original": {
        "owner": "BrianHicks",
        "repo": "nix-script",
        "type": "github"
      }
    },
    "nixpkgs": {
      "locked": {
        "lastModified": 1633971123,
        "narHash": "sha256-WmI4NbH1IPGFWVkuBkKoYgOnxgwSfWDgdZplJlQ93vA=",
        "owner": "NixOS",
        "repo": "nixpkgs",
        "rev": "e4ef597edfd8a0ba5f12362932fc9b1dd01a0aef",
        "type": "github"
      },
      "original": {
        "owner": "NixOS",
        "ref": "nixos-unstable-small",
        "repo": "nixpkgs",
        "type": "github"
      }
    },
    "nixpkgs_10": {
      "locked": {
        "lastModified": 1641230035,
        "narHash": "sha256-hFyqihERaTbLxCOlugy/rpp22VLtLh8SPRnA2uu3F/8=",
        "owner": "nixos",
        "repo": "nixpkgs",
        "rev": "78cd22c1b8604de423546cd49bfe264b786eca13",
        "type": "github"
      },
      "original": {
        "owner": "nixos",
        "ref": "nixos-unstable",
        "repo": "nixpkgs",
        "type": "github"
      }
    },
    "nixpkgs_11": {
      "locked": {
        "lastModified": 1641244400,
        "narHash": "sha256-8i4oasWEz/2y9U+F1XU15jfwSbd5YOEBh2tyBBm/W8E=",
        "owner": "NixOS",
        "repo": "nixpkgs",
        "rev": "c6019d8efb5530dcf7ce98086b8e091be5ff900a",
        "type": "github"
      },
      "original": {
        "id": "nixpkgs",
        "type": "indirect"
      }
    },
    "nixpkgs_12": {
      "locked": {
        "lastModified": 1638036523,
        "narHash": "sha256-ZL6gogsuBmhBvIro+YwRKrypYhwVPCOOO7FmhOV/xyE=",
        "owner": "nixos",
        "repo": "nixpkgs",
        "rev": "9c191ebcdfe917043195c54ab6ae8e934434fe7b",
        "type": "github"
      },
      "original": {
        "owner": "nixos",
        "ref": "nixpkgs-unstable",
        "repo": "nixpkgs",
        "type": "github"
      }
    },
    "nixpkgs_2": {
      "locked": {
        "lastModified": 1641969713,
        "narHash": "sha256-qJssiyjgdq6F4aL2+38h/lNu9fu9x/Mw1JlX15EcoXU=",
        "owner": "NixOS",
        "repo": "nixpkgs",
        "rev": "b289230448880654a400ce194e1a60731eba973f",
        "type": "github"
      },
      "original": {
        "owner": "NixOS",
        "repo": "nixpkgs",
        "type": "github"
      }
    },
    "nixpkgs_20": {
      "locked": {
        "lastModified": 1636935165,
        "narHash": "sha256-J4smKTYTp8wJ57znUerWlS/QRgp0jcm/StcfIhsa5eA=",
        "owner": "NixOS",
        "repo": "nixpkgs",
        "rev": "f7949198dcff52265b322ca8abf7450610e7e49e",
        "type": "github"
      },
      "original": {
        "id": "nixpkgs_20",
        "type": "indirect"
      }
    },
    "nixpkgs_3": {
      "locked": {
        "lastModified": 1635403963,
        "narHash": "sha256-0actzfzBAXvvDJ/EvPSGbtCPXUwSObQrcq0RpsPWZgA=",
        "ref": "nixos-unstable",
        "rev": "2deb07f3ac4eeb5de1c12c4ba2911a2eb1f6ed61",
        "revCount": 325810,
        "type": "git",
        "url": "file:///nix/nixpkgs"
      },
      "original": {
        "id": "nixpkgs",
        "ref": "nixos-unstable",
        "type": "indirect"
      }
    },
    "nixpkgs_4": {
      "locked": {
        "lastModified": 1625191069,
        "narHash": "sha256-M8/UH9pMgQEtuzY9bFwklYw8hx0pOKtUTyQC8E2UTHY=",
        "owner": "NixOS",
        "repo": "nixpkgs",
        "rev": "d8079260a3028ae3221d7a5467443ee3a9edd2b8",
        "type": "github"
      },
      "original": {
        "owner": "NixOS",
        "ref": "nixos-unstable",
        "repo": "nixpkgs",
        "type": "github"
      }
    },
    "nixpkgs_5": {
      "locked": {
        "lastModified": 1622797669,
        "narHash": "sha256-xIyWeoYExzF0KNaKcqfxEX58fN4JTIQxTJWbsAujllc=",
        "owner": "NixOS",
        "repo": "nixpkgs",
        "rev": "1ca6b0a0cc38dbba0441202535c92841dd39d1ae",
        "type": "github"
      },
      "original": {
        "id": "nixpkgs",
        "ref": "nixos-unstable",
        "type": "indirect"
      }
    },
    "nixpkgs_6": {
      "locked": {
        "lastModified": 1638887115,
        "narHash": "sha256-emjtIeqyJ84Eb3X7APJruTrwcfnHQKs55XGljj62prs=",
        "owner": "nixos",
        "repo": "nixpkgs",
        "rev": "1bd4bbd49bef217a3d1adea43498270d6e779d65",
        "type": "github"
      },
      "original": {
        "owner": "nixos",
        "ref": "nixos-21.11",
        "repo": "nixpkgs",
        "type": "github"
      }
    },
    "nixpkgs_7": {
      "locked": {
        "lastModified": 1633540506,
        "narHash": "sha256-hs7I2B8nWh1muRu6t+p28Ny0OSvU7YCabzoHSORyJT0=",
        "owner": "NixOS",
        "repo": "nixpkgs",
        "rev": "36a05ec28e46d610aab8d05e56e4442c5866b8c7",
        "type": "github"
      },
      "original": {
        "owner": "NixOS",
        "ref": "release-21.05",
        "repo": "nixpkgs",
        "type": "github"
      }
    },
    "nixpkgs_8": {
      "locked": {
        "lastModified": 1641244400,
        "narHash": "sha256-8i4oasWEz/2y9U+F1XU15jfwSbd5YOEBh2tyBBm/W8E=",
        "owner": "NixOS",
        "repo": "nixpkgs",
        "rev": "c6019d8efb5530dcf7ce98086b8e091be5ff900a",
        "type": "github"
      },
      "original": {
        "id": "nixpkgs",
        "type": "indirect"
      }
    },
    "nixpkgs_9": {
      "locked": {
        "lastModified": 1639256808,
        "narHash": "sha256-RRKWi6grwe5lioKUyfZNQ4ojc5kjUTX55fPNzsGH2PY=",
        "owner": "NixOS",
        "repo": "nixpkgs",
        "rev": "e675946ecde5606c505540de2024e2732bae4185",
        "type": "github"
      },
      "original": {
        "owner": "NixOS",
        "ref": "nixos-unstable",
        "repo": "nixpkgs",
        "type": "github"
      }
    },
    "nvfetcher": {
      "inputs": {
        "flake-compat": "flake-compat_4",
        "flake-utils": "flake-utils_6",
        "nixpkgs": "nixpkgs_9"
      },
      "locked": {
        "lastModified": 1641071623,
        "narHash": "sha256-jxquDPaIJPub49c1UK96LHlFTzSCXCJ6Mv5fpeGtD90=",
        "owner": "berberman",
        "repo": "nvfetcher",
        "rev": "8aedc71c67960945bc18fb1077e7bdcd9046f1ee",
        "type": "github"
      },
      "original": {
        "id": "nvfetcher",
        "type": "indirect"
      }
    },
    "poetry2nix": {
      "inputs": {
        "flake-utils": "flake-utils_2",
        "nixpkgs": "nixpkgs_2"
      },
      "locked": {
        "lastModified": 1633382856,
        "narHash": "sha256-hYlet806M9xJj4yxf0g5fhDT2IEUVIMAl7sqIeZ8DUM=",
        "owner": "nix-community",
        "repo": "poetry2nix",
        "rev": "705cbfa10e3d9bfed2e59e0256844ae3704dbd7e",
        "type": "github"
      },
      "original": {
        "owner": "nix-community",
        "repo": "poetry2nix",
        "type": "github"
      }
    },
    "pypi-deps-db": {
      "flake": false,
      "locked": {
        "lastModified": 1641240851,
        "narHash": "sha256-Mg0B8+ysCVG7kGu2g9NMwFDjwx1eyypUqafYDsWPj8s=",
        "owner": "DavHau",
        "repo": "pypi-deps-db",
        "rev": "d047c044a62810554f5b0f808c3ea8f7ecbec150",
        "type": "github"
      },
      "original": {
        "id": "pypi-deps-db",
        "type": "indirect"
      }
    },
    "root": {
      "inputs": {
        "bud": "bud",
        "check_journal": "check_journal",
        "devshell": "devshell",
        "flake-compat": "flake-compat_2",
        "gomod2nix": "gomod2nix",
        "latest": "latest",
        "mach-nix": "mach-nix",
        "microvm": "microvm",
        "nix-script": "nix-script",
        "nixpkgs": "nixpkgs_8",
        "nixpkgs_20": "nixpkgs_20",
        "nvfetcher": "nvfetcher",
        "pypi-deps-db": "pypi-deps-db",
        "statix": "statix",
        "utils": "utils_3"
      }
    },
    "rust-analyzer-src": {
      "flake": false,
      "locked": {
        "lastModified": 1638036899,
        "narHash": "sha256-vh7z8jupVxXPOko3sWUsOB7eji/7lKfwJ/CE3iw97Sw=",
        "owner": "rust-analyzer",
        "repo": "rust-analyzer",
        "rev": "d9b2291f546abc77d24499339a72a89127464b95",
        "type": "github"
      },
      "original": {
        "owner": "rust-analyzer",
        "ref": "nightly",
        "repo": "rust-analyzer",
        "type": "github"
      }
    },
    "statix": {
      "inputs": {
        "fenix": "fenix",
        "gitignore": "gitignore",
        "nixpkgs": "nixpkgs_12"
      },
      "locked": {
        "lastModified": 1639455627,
        "narHash": "sha256-vqGwh1AndJAG4lpHtRhfkvu+yAoo0Qxym0c6Imr7StA=",
        "owner": "nerdypepper",
        "repo": "statix",
        "rev": "94a2edf57340ac3f3a2276c88a221ba3125172af",
        "type": "github"
      },
      "original": {
        "id": "statix",
        "type": "indirect"
      }
    },
    "utils": {
      "locked": {
        "lastModified": 1623875721,
        "narHash": "sha256-A8BU7bjS5GirpAUv4QA+QnJ4CceLHkcXdRp4xITDB0s=",
        "owner": "numtide",
        "repo": "flake-utils",
        "rev": "f7e004a55b120c02ecb6219596820fcd32ca8772",
        "type": "github"
      },
      "original": {
        "owner": "numtide",
        "repo": "flake-utils",
        "type": "github"
      }
    },
    "utils_2": {
      "locked": {
        "lastModified": 1631561581,
        "narHash": "sha256-3VQMV5zvxaVLvqqUrNz3iJelLw30mIVSfZmAaauM3dA=",
        "owner": "numtide",
        "repo": "flake-utils",
        "rev": "7e5bf3925f6fbdfaf50a2a7ca0be2879c4261d19",
        "type": "github"
      },
      "original": {
        "owner": "numtide",
        "repo": "flake-utils",
        "type": "github"
      }
    },
    "utils_3": {
      "inputs": {
        "flake-utils": "flake-utils_7"
      },
      "locked": {
        "lastModified": 1639385028,
        "narHash": "sha256-oqorKz3mwf7UuDJwlbCEYCB2LfcWLL0DkeCWhRIL820=",
        "owner": "gytis-ivaskevicius",
        "repo": "flake-utils-plus",
        "rev": "be1be083af014720c14f3b574f57b6173b4915d0",
        "type": "github"
      },
      "original": {
        "id": "utils",
        "type": "indirect"
      }
    }
  },
  "root": "root",
  "version": 7
}
