{
  "nodes": {
    "nixpkgs": {
      "locked": {
        "lastModified": 1700538105,
        "narHash": "sha256-uZhOCmwv8VupEmPZm3erbr9XXmyg7K67Ul3+Rx2XMe0=",
        "owner": "NixOS",
        "repo": "nixpkgs",
        "rev": "51a01a7e5515b469886c120e38db325c96694c2f",
        "type": "github"
      },
      "original": {
        "id": "nixpkgs",
        "type": "indirect"
      }
    },
    "omnibusSrc": {
      "flake": false,
      "locked": {
        "lastModified": 1704070768,
        "narHash": "sha256-/vI3Z/lydpe3Ygx3ePHwkpychihJiw/yFpm8Y3G36WI=",
        "owner": "gtrunsec",
        "repo": "omnibus",
        "rev": "b31a3fbbd40ed626ac2e78d484ff42b5c1676ddc",
        "type": "github"
      },
      "original": {
        "owner": "gtrunsec",
        "repo": "omnibus",
        "type": "github"
      }
    },
    "root": {
      "inputs": {
        "nixpkgs": "nixpkgs",
        "omnibusSrc": "omnibusSrc"
      }
    }
  },
  "root": "root",
  "version": 7
}
