{
  "nodes": {
    "check_journal": {
      "inputs": {
        "flake-compat": "flake-compat",
        "flake-utils": "flake-utils",
        "nixpkgs": "nixpkgs"
      },
      "locked": {
        "lastModified": 1641458882,
        "narHash": "sha256-rasukn+wdP4y6a6GL+xKYLx1Q+noeCPTrgqLZ0eAsIA=",
        "owner": "flyingcircusio",
        "repo": "check_journal",
        "rev": "54285cd40e5a2cf4b61905cb42da251bb00bc48f",
        "type": "github"
      },
      "original": {
        "owner": "flyingcircusio",
        "repo": "check_journal",
        "type": "github"
      }
    },
    "devshell": {
      "locked": {
        "lastModified": 1640301433,
        "narHash": "sha256-eplae8ZNiEmxbOgwUn9IihaJfEUxoUilkwciRPGskYE=",
        "owner": "numtide",
        "repo": "devshell",
        "rev": "f87fb932740abe1c1b46f6edd8a36ade17881666",
        "type": "github"
      },
      "original": {
        "id": "devshell",
        "type": "indirect"
      }
    },
    "flake-compat": {
      "flake": false,
      "locked": {
        "lastModified": 1606424373,
        "narHash": "sha256-oq8d4//CJOrVj+EcOaSXvMebvuTkmBJuT5tzlfewUnQ=",
        "owner": "edolstra",
        "repo": "flake-compat",
        "rev": "99f1c2157fba4bfe6211a321fd0ee43199025dbf",
        "type": "github"
      },
      "original": {
        "owner": "edolstra",
        "repo": "flake-compat",
        "type": "github"
      }
    },
    "flake-compat_2": {
      "flake": false,
      "locked": {
        "lastModified": 1641205782,
        "narHash": "sha256-4jY7RCWUoZ9cKD8co0/4tFARpWB+57+r1bLLvXNJliY=",
        "owner": "edolstra",
        "repo": "flake-compat",
        "rev": "b7547d3eed6f32d06102ead8991ec52ab0a4f1a7",
        "type": "github"
      },
      "original": {
        "id": "flake-compat",
        "type": "indirect"
      }
    },
    "flake-utils": {
      "locked": {
        "lastModified": 1614513358,
        "narHash": "sha256-LakhOx3S1dRjnh0b5Dg3mbZyH0ToC9I8Y2wKSkBaTzU=",
        "owner": "numtide",
        "repo": "flake-utils",
        "rev": "5466c5bbece17adaab2d82fae80b46e807611bf3",
        "type": "github"
      },
      "original": {
        "owner": "numtide",
        "repo": "flake-utils",
        "type": "github"
      }
    },
    "flake-utils_2": {
      "locked": {
        "lastModified": 1642700792,
        "narHash": "sha256-XqHrk7hFb+zBvRg6Ghl+AZDq03ov6OshJLiSWOoX5es=",
        "owner": "numtide",
        "repo": "flake-utils",
        "rev": "846b2ae0fc4cc943637d3d1def4454213e203cba",
        "type": "github"
      },
      "original": {
        "owner": "numtide",
        "repo": "flake-utils",
        "type": "github"
      }
    },
    "flake-utils_3": {
      "locked": {
        "lastModified": 1638122382,
        "narHash": "sha256-sQzZzAbvKEqN9s0bzWuYmRaA03v40gaJ4+iL1LXjaeI=",
        "owner": "numtide",
        "repo": "flake-utils",
        "rev": "74f7e4319258e287b0f9cb95426c9853b282730b",
        "type": "github"
      },
      "original": {
        "owner": "numtide",
        "repo": "flake-utils",
        "type": "github"
      }
    },
    "gomod2nix": {
      "inputs": {
        "nixpkgs": "nixpkgs_2",
        "utils": "utils"
      },
      "locked": {
        "lastModified": 1639197850,
        "narHash": "sha256-Qknxy+YjVA39v/LwiUNsAcMAg9Df8aYAuqkH+EiAHRA=",
        "owner": "tweag",
        "repo": "gomod2nix",
        "rev": "596d01fd55ed8521853807df1f4e9d858cf75d7e",
        "type": "github"
      },
      "original": {
        "id": "gomod2nix",
        "type": "indirect"
      }
    },
    "latest": {
      "locked": {
        "lastModified": 1644994982,
        "narHash": "sha256-SvXFMwBIs3tuKRnJHYzjZK0w3qCytLn0eFqAFI4bWiw=",
        "owner": "NixOS",
        "repo": "nixpkgs",
        "rev": "6d5e3764dd3802fe55d8753e27daeb14a76ce0e0",
        "type": "github"
      },
      "original": {
        "id": "latest",
        "type": "indirect"
      }
    },
    "mach-nix": {
      "inputs": {
        "flake-utils": "flake-utils_2",
        "nixpkgs": "nixpkgs_3",
        "pypi-deps-db": [
          "pypi-deps-db"
        ]
      },
      "locked": {
        "lastModified": 1644818395,
        "narHash": "sha256-oU9TcxWjUMdEyB7OajWJ06Lcf0z3HmTl0znMTfIA3dA=",
        "owner": "DavHau",
        "repo": "mach-nix",
        "rev": "c914064c9b8cab9495818ffe8d834d8c2c1d7ce7",
        "type": "github"
      },
      "original": {
        "id": "mach-nix",
        "type": "indirect"
      }
    },
    "nixpkgs": {
      "locked": {
        "lastModified": 1635403963,
        "narHash": "sha256-0actzfzBAXvvDJ/EvPSGbtCPXUwSObQrcq0RpsPWZgA=",
        "ref": "nixos-unstable",
        "rev": "2deb07f3ac4eeb5de1c12c4ba2911a2eb1f6ed61",
        "revCount": 325810,
        "type": "git",
        "url": "file:///nix/nixpkgs"
      },
      "original": {
        "id": "nixpkgs",
        "ref": "nixos-unstable",
        "type": "indirect"
      }
    },
    "nixpkgs_2": {
      "locked": {
        "lastModified": 1625191069,
        "narHash": "sha256-M8/UH9pMgQEtuzY9bFwklYw8hx0pOKtUTyQC8E2UTHY=",
        "owner": "NixOS",
        "repo": "nixpkgs",
        "rev": "d8079260a3028ae3221d7a5467443ee3a9edd2b8",
        "type": "github"
      },
      "original": {
        "owner": "NixOS",
        "ref": "nixos-unstable",
        "repo": "nixpkgs",
        "type": "github"
      }
    },
    "nixpkgs_20": {
      "locked": {
        "lastModified": 1636935165,
        "narHash": "sha256-J4smKTYTp8wJ57znUerWlS/QRgp0jcm/StcfIhsa5eA=",
        "owner": "NixOS",
        "repo": "nixpkgs",
        "rev": "f7949198dcff52265b322ca8abf7450610e7e49e",
        "type": "github"
      },
      "original": {
        "id": "nixpkgs_20",
        "type": "indirect"
      }
    },
    "nixpkgs_3": {
      "locked": {
        "lastModified": 1643805626,
        "narHash": "sha256-AXLDVMG+UaAGsGSpOtQHPIKB+IZ0KSd9WS77aanGzgc=",
        "owner": "NixOS",
        "repo": "nixpkgs",
        "rev": "554d2d8aa25b6e583575459c297ec23750adb6cb",
        "type": "github"
      },
      "original": {
        "id": "nixpkgs",
        "ref": "nixos-unstable",
        "type": "indirect"
      }
    },
    "nixpkgs_4": {
      "locked": {
        "lastModified": 1644960916,
        "narHash": "sha256-L2XuHZfyUZ5AeSbaRy2DOcLJ+KV6cLw2jGTSS7KyJ4Q=",
        "owner": "NixOS",
        "repo": "nixpkgs",
        "rev": "cdc68dca91aa9685f9a7f70574cfac17a5f40453",
        "type": "github"
      },
      "original": {
        "id": "nixpkgs",
        "type": "indirect"
      }
    },
    "pypi-deps-db": {
      "flake": false,
      "locked": {
        "lastModified": 1645043504,
        "narHash": "sha256-HKkLfg9pRS5Sxg48iJxBS25Ua7Ypgdndgz9Jj34yONg=",
        "owner": "DavHau",
        "repo": "pypi-deps-db",
        "rev": "f0630631296cf0201891a9f3db7ef8501f2ced30",
        "type": "github"
      },
      "original": {
        "owner": "DavHau",
        "repo": "pypi-deps-db",
        "type": "github"
      }
    },
    "root": {
      "inputs": {
        "check_journal": "check_journal",
        "devshell": "devshell",
        "flake-compat": "flake-compat_2",
        "gomod2nix": "gomod2nix",
        "latest": "latest",
        "mach-nix": "mach-nix",
        "nixpkgs": "nixpkgs_4",
        "nixpkgs_20": "nixpkgs_20",
        "pypi-deps-db": "pypi-deps-db",
        "utils": "utils_2"
      }
    },
    "utils": {
      "locked": {
        "lastModified": 1623875721,
        "narHash": "sha256-A8BU7bjS5GirpAUv4QA+QnJ4CceLHkcXdRp4xITDB0s=",
        "owner": "numtide",
        "repo": "flake-utils",
        "rev": "f7e004a55b120c02ecb6219596820fcd32ca8772",
        "type": "github"
      },
      "original": {
        "owner": "numtide",
        "repo": "flake-utils",
        "type": "github"
      }
    },
    "utils_2": {
      "inputs": {
        "flake-utils": "flake-utils_3"
      },
      "locked": {
        "lastModified": 1639385028,
        "narHash": "sha256-oqorKz3mwf7UuDJwlbCEYCB2LfcWLL0DkeCWhRIL820=",
        "owner": "gytis-ivaskevicius",
        "repo": "flake-utils-plus",
        "rev": "be1be083af014720c14f3b574f57b6173b4915d0",
        "type": "github"
      },
      "original": {
        "id": "utils",
        "type": "indirect"
      }
    }
  },
  "root": "root",
  "version": 7
}
